
Microsoft Visual Studio Solution File, Format Version 12.00
# Visual Studio Version 17
VisualStudioVersion = 17.9.34728.123
MinimumVisualStudioVersion = 10.0.40219.1
Project("{2150E333-8FDC-42A3-9474-1A3956D46DE8}") = "src", "src", "{62905C5B-851A-40C0-97DF-C542D5D1A782}"
EndProject
Project("{2150E333-8FDC-42A3-9474-1A3956D46DE8}") = "Solution Items", "Solution Items", "{4769528C-17E3-4B83-B557-608479A3B4A5}"
	ProjectSection(SolutionItems) = preProject
		.editorconfig = .editorconfig
		.gitignore = .gitignore
		LICENSE = LICENSE
		README.md = README.md
	EndProjectSection
EndProject
Project("{FAE04EC0-301F-11D3-BF4B-00C04F79EFBC}") = "Uos.Data.Models", "src\Uos.Data.Models\Uos.Data.Models.csproj", "{EC0AD9F9-D5CE-4B20-953F-289390EA5706}"
EndProject
Project("{2150E333-8FDC-42A3-9474-1A3956D46DE8}") = "tests", "tests", "{6EF94CD0-4657-4286-B34D-F129C2ABCE89}"
EndProject
Project("{FAE04EC0-301F-11D3-BF4B-00C04F79EFBC}") = "Uos.ServiceApi", "src\Uos.ServiceApi\Uos.ServiceApi.csproj", "{EF09D88F-7427-4BAE-A7CF-7B4B161F399B}"
EndProject
Project("{FAE04EC0-301F-11D3-BF4B-00C04F79EFBC}") = "Uos.ServiceApiConsumer", "src\Uos.ServiceApiConsumer\Uos.ServiceApiConsumer.csproj", "{9C6CC072-101B-4156-BCEB-044D910CD724}"
EndProject
Project("{FAE04EC0-301F-11D3-BF4B-00C04F79EFBC}") = "Uos.Data.Contexts", "src\Uos.Data.Contexts\Uos.Data.Contexts.csproj", "{AA6F003F-8040-4253-9E56-DA07DFE303AE}"
EndProject
Project("{FAE04EC0-301F-11D3-BF4B-00C04F79EFBC}") = "Uos.Backoffice", "src\Uos.Backoffice\Uos.Backoffice.csproj", "{8F5334F3-DD5A-4E00-B819-C1DF073ED396}"
EndProject
Global
	GlobalSection(SolutionConfigurationPlatforms) = preSolution
		Debug|Any CPU = Debug|Any CPU
		Release|Any CPU = Release|Any CPU
	EndGlobalSection
	GlobalSection(ProjectConfigurationPlatforms) = postSolution
		{EC0AD9F9-D5CE-4B20-953F-289390EA5706}.Debug|Any CPU.ActiveCfg = Debug|Any CPU
		{EC0AD9F9-D5CE-4B20-953F-289390EA5706}.Debug|Any CPU.Build.0 = Debug|Any CPU
		{EC0AD9F9-D5CE-4B20-953F-289390EA5706}.Release|Any CPU.ActiveCfg = Release|Any CPU
		{EC0AD9F9-D5CE-4B20-953F-289390EA5706}.Release|Any CPU.Build.0 = Release|Any CPU
		{EF09D88F-7427-4BAE-A7CF-7B4B161F399B}.Debug|Any CPU.ActiveCfg = Debug|Any CPU
		{EF09D88F-7427-4BAE-A7CF-7B4B161F399B}.Debug|Any CPU.Build.0 = Debug|Any CPU
		{EF09D88F-7427-4BAE-A7CF-7B4B161F399B}.Release|Any CPU.ActiveCfg = Release|Any CPU
		{EF09D88F-7427-4BAE-A7CF-7B4B161F399B}.Release|Any CPU.Build.0 = Release|Any CPU
		{9C6CC072-101B-4156-BCEB-044D910CD724}.Debug|Any CPU.ActiveCfg = Debug|Any CPU
		{9C6CC072-101B-4156-BCEB-044D910CD724}.Debug|Any CPU.Build.0 = Debug|Any CPU
		{9C6CC072-101B-4156-BCEB-044D910CD724}.Release|Any CPU.ActiveCfg = Release|Any CPU
		{9C6CC072-101B-4156-BCEB-044D910CD724}.Release|Any CPU.Build.0 = Release|Any CPU
		{AA6F003F-8040-4253-9E56-DA07DFE303AE}.Debug|Any CPU.ActiveCfg = Debug|Any CPU
		{AA6F003F-8040-4253-9E56-DA07DFE303AE}.Debug|Any CPU.Build.0 = Debug|Any CPU
		{AA6F003F-8040-4253-9E56-DA07DFE303AE}.Release|Any CPU.ActiveCfg = Release|Any CPU
		{AA6F003F-8040-4253-9E56-DA07DFE303AE}.Release|Any CPU.Build.0 = Release|Any CPU
		{8F5334F3-DD5A-4E00-B819-C1DF073ED396}.Debug|Any CPU.ActiveCfg = Debug|Any CPU
		{8F5334F3-DD5A-4E00-B819-C1DF073ED396}.Debug|Any CPU.Build.0 = Debug|Any CPU
		{8F5334F3-DD5A-4E00-B819-C1DF073ED396}.Release|Any CPU.ActiveCfg = Release|Any CPU
		{8F5334F3-DD5A-4E00-B819-C1DF073ED396}.Release|Any CPU.Build.0 = Release|Any CPU
	EndGlobalSection
	GlobalSection(SolutionProperties) = preSolution
		HideSolutionNode = FALSE
	EndGlobalSection
	GlobalSection(NestedProjects) = preSolution
		{EC0AD9F9-D5CE-4B20-953F-289390EA5706} = {62905C5B-851A-40C0-97DF-C542D5D1A782}
		{EF09D88F-7427-4BAE-A7CF-7B4B161F399B} = {62905C5B-851A-40C0-97DF-C542D5D1A782}
		{9C6CC072-101B-4156-BCEB-044D910CD724} = {62905C5B-851A-40C0-97DF-C542D5D1A782}
		{AA6F003F-8040-4253-9E56-DA07DFE303AE} = {62905C5B-851A-40C0-97DF-C542D5D1A782}
		{8F5334F3-DD5A-4E00-B819-C1DF073ED396} = {62905C5B-851A-40C0-97DF-C542D5D1A782}
	EndGlobalSection
	GlobalSection(ExtensibilityGlobals) = postSolution
		SolutionGuid = {6E8029AE-3F90-4DCA-9490-5F47E8507F02}
	EndGlobalSection
EndGlobal
